
Microsoft Visual Studio Solution File, Format Version 12.00
# Visual Studio Version 17
VisualStudioVersion = 17.4.33122.133
MinimumVisualStudioVersion = 10.0.40219.1
Project("{FAE04EC0-301F-11D3-BF4B-00C04F79EFBC}") = "ProductService", "ProductService\ProductService.csproj", "{405CB10D-69E8-4EED-BB9F-CF49CAE5DB66}"
EndProject
Global
	GlobalSection(SolutionConfigurationPlatforms) = preSolution
		Debug|Any CPU = Debug|Any CPU
		Release|Any CPU = Release|Any CPU
	EndGlobalSection
	GlobalSection(ProjectConfigurationPlatforms) = postSolution
		{405CB10D-69E8-4EED-BB9F-CF49CAE5DB66}.Debug|Any CPU.ActiveCfg = Debug|Any CPU
		{405CB10D-69E8-4EED-BB9F-CF49CAE5DB66}.Debug|Any CPU.Build.0 = Debug|Any CPU
		{405CB10D-69E8-4EED-BB9F-CF49CAE5DB66}.Release|Any CPU.ActiveCfg = Release|Any CPU
		{405CB10D-69E8-4EED-BB9F-CF49CAE5DB66}.Release|Any CPU.Build.0 = Release|Any CPU
	EndGlobalSection
	GlobalSection(SolutionProperties) = preSolution
		HideSolutionNode = FALSE
	EndGlobalSection
	GlobalSection(ExtensibilityGlobals) = postSolution
		SolutionGuid = {AA848905-BA4A-46DD-94BA-C13B56E739B1}
	EndGlobalSection
EndGlobal
