
Microsoft Visual Studio Solution File, Format Version 12.00
# Visual Studio Version 17
VisualStudioVersion = 17.4.33122.133
MinimumVisualStudioVersion = 10.0.40219.1
Project("{FAE04EC0-301F-11D3-BF4B-00C04F79EFBC}") = "APIGateway", "APIGateway\APIGateway.csproj", "{25A85703-8072-4C3D-B94C-7F8C916F0826}"
EndProject
Global
	GlobalSection(SolutionConfigurationPlatforms) = preSolution
		Debug|Any CPU = Debug|Any CPU
		Release|Any CPU = Release|Any CPU
	EndGlobalSection
	GlobalSection(ProjectConfigurationPlatforms) = postSolution
		{25A85703-8072-4C3D-B94C-7F8C916F0826}.Debug|Any CPU.ActiveCfg = Debug|Any CPU
		{25A85703-8072-4C3D-B94C-7F8C916F0826}.Debug|Any CPU.Build.0 = Debug|Any CPU
		{25A85703-8072-4C3D-B94C-7F8C916F0826}.Release|Any CPU.ActiveCfg = Release|Any CPU
		{25A85703-8072-4C3D-B94C-7F8C916F0826}.Release|Any CPU.Build.0 = Release|Any CPU
	EndGlobalSection
	GlobalSection(SolutionProperties) = preSolution
		HideSolutionNode = FALSE
	EndGlobalSection
	GlobalSection(ExtensibilityGlobals) = postSolution
		SolutionGuid = {489BD996-DF16-4968-A347-3D846FF24350}
	EndGlobalSection
EndGlobal
