
Microsoft Visual Studio Solution File, Format Version 12.00
# Visual Studio Version 17
VisualStudioVersion = 17.4.33205.214
MinimumVisualStudioVersion = 10.0.40219.1
Project("{FAE04EC0-301F-11D3-BF4B-00C04F79EFBC}") = "RPCServer", "RPCServer\RPCServer.csproj", "{D2353A68-4255-4753-A699-679E8663FC8D}"
EndProject
Global
	GlobalSection(SolutionConfigurationPlatforms) = preSolution
		Debug|Any CPU = Debug|Any CPU
		Release|Any CPU = Release|Any CPU
	EndGlobalSection
	GlobalSection(ProjectConfigurationPlatforms) = postSolution
		{D2353A68-4255-4753-A699-679E8663FC8D}.Debug|Any CPU.ActiveCfg = Debug|Any CPU
		{D2353A68-4255-4753-A699-679E8663FC8D}.Debug|Any CPU.Build.0 = Debug|Any CPU
		{D2353A68-4255-4753-A699-679E8663FC8D}.Release|Any CPU.ActiveCfg = Release|Any CPU
		{D2353A68-4255-4753-A699-679E8663FC8D}.Release|Any CPU.Build.0 = Release|Any CPU
	EndGlobalSection
	GlobalSection(SolutionProperties) = preSolution
		HideSolutionNode = FALSE
	EndGlobalSection
	GlobalSection(ExtensibilityGlobals) = postSolution
		SolutionGuid = {64EC7DC4-FCAB-4BDB-BD34-59C5407A7FEC}
	EndGlobalSection
EndGlobal
