
Microsoft Visual Studio Solution File, Format Version 12.00
# Visual Studio Version 17
VisualStudioVersion = 17.4.33122.133
MinimumVisualStudioVersion = 10.0.40219.1
Project("{FAE04EC0-301F-11D3-BF4B-00C04F79EFBC}") = "Customer", "Customer\Customer.csproj", "{35884C4E-BEDC-4049-A6DF-5A5D1E6C9DB2}"
EndProject
Global
	GlobalSection(SolutionConfigurationPlatforms) = preSolution
		Debug|Any CPU = Debug|Any CPU
		Release|Any CPU = Release|Any CPU
	EndGlobalSection
	GlobalSection(ProjectConfigurationPlatforms) = postSolution
		{35884C4E-BEDC-4049-A6DF-5A5D1E6C9DB2}.Debug|Any CPU.ActiveCfg = Debug|Any CPU
		{35884C4E-BEDC-4049-A6DF-5A5D1E6C9DB2}.Debug|Any CPU.Build.0 = Debug|Any CPU
		{35884C4E-BEDC-4049-A6DF-5A5D1E6C9DB2}.Release|Any CPU.ActiveCfg = Release|Any CPU
		{35884C4E-BEDC-4049-A6DF-5A5D1E6C9DB2}.Release|Any CPU.Build.0 = Release|Any CPU
	EndGlobalSection
	GlobalSection(SolutionProperties) = preSolution
		HideSolutionNode = FALSE
	EndGlobalSection
	GlobalSection(ExtensibilityGlobals) = postSolution
		SolutionGuid = {D2736E37-3977-4596-A37E-ABB9009AC653}
	EndGlobalSection
EndGlobal
