
Microsoft Visual Studio Solution File, Format Version 12.00
# Visual Studio Version 17
VisualStudioVersion = 17.4.33122.133
MinimumVisualStudioVersion = 10.0.40219.1
Project("{FAE04EC0-301F-11D3-BF4B-00C04F79EFBC}") = "ConsumerExchange", "ConsumerExchange\ConsumerExchange.csproj", "{284BA46A-B16F-4604-A4FB-E3EE5CBAF909}"
EndProject
Global
	GlobalSection(SolutionConfigurationPlatforms) = preSolution
		Debug|Any CPU = Debug|Any CPU
		Release|Any CPU = Release|Any CPU
	EndGlobalSection
	GlobalSection(ProjectConfigurationPlatforms) = postSolution
		{284BA46A-B16F-4604-A4FB-E3EE5CBAF909}.Debug|Any CPU.ActiveCfg = Debug|Any CPU
		{284BA46A-B16F-4604-A4FB-E3EE5CBAF909}.Debug|Any CPU.Build.0 = Debug|Any CPU
		{284BA46A-B16F-4604-A4FB-E3EE5CBAF909}.Release|Any CPU.ActiveCfg = Release|Any CPU
		{284BA46A-B16F-4604-A4FB-E3EE5CBAF909}.Release|Any CPU.Build.0 = Release|Any CPU
	EndGlobalSection
	GlobalSection(SolutionProperties) = preSolution
		HideSolutionNode = FALSE
	EndGlobalSection
	GlobalSection(ExtensibilityGlobals) = postSolution
		SolutionGuid = {EB2350FC-762F-495B-8D0F-8F80B790D2CC}
	EndGlobalSection
EndGlobal
