
Microsoft Visual Studio Solution File, Format Version 12.00
# Visual Studio Version 17
VisualStudioVersion = 17.4.33205.214
MinimumVisualStudioVersion = 10.0.40219.1
Project("{FAE04EC0-301F-11D3-BF4B-00C04F79EFBC}") = "Fanout Consumer", "Fanout Consumer\Fanout Consumer.csproj", "{9FB7B38F-896B-4F3B-8630-7BA0ADA9A1EB}"
EndProject
Global
	GlobalSection(SolutionConfigurationPlatforms) = preSolution
		Debug|Any CPU = Debug|Any CPU
		Release|Any CPU = Release|Any CPU
	EndGlobalSection
	GlobalSection(ProjectConfigurationPlatforms) = postSolution
		{9FB7B38F-896B-4F3B-8630-7BA0ADA9A1EB}.Debug|Any CPU.ActiveCfg = Debug|Any CPU
		{9FB7B38F-896B-4F3B-8630-7BA0ADA9A1EB}.Debug|Any CPU.Build.0 = Debug|Any CPU
		{9FB7B38F-896B-4F3B-8630-7BA0ADA9A1EB}.Release|Any CPU.ActiveCfg = Release|Any CPU
		{9FB7B38F-896B-4F3B-8630-7BA0ADA9A1EB}.Release|Any CPU.Build.0 = Release|Any CPU
	EndGlobalSection
	GlobalSection(SolutionProperties) = preSolution
		HideSolutionNode = FALSE
	EndGlobalSection
	GlobalSection(ExtensibilityGlobals) = postSolution
		SolutionGuid = {B5CDF682-2B7B-459F-99FA-79B7881A5B6E}
	EndGlobalSection
EndGlobal
