
Microsoft Visual Studio Solution File, Format Version 12.00
# Visual Studio Version 17
VisualStudioVersion = 17.4.33122.133
MinimumVisualStudioVersion = 10.0.40219.1
Project("{FAE04EC0-301F-11D3-BF4B-00C04F79EFBC}") = "Repos Pattern", "Repos Pattern\Repos Pattern.csproj", "{94AA9088-93C9-42D1-B00A-8B09288D3D4A}"
EndProject
Global
	GlobalSection(SolutionConfigurationPlatforms) = preSolution
		Debug|Any CPU = Debug|Any CPU
		Release|Any CPU = Release|Any CPU
	EndGlobalSection
	GlobalSection(ProjectConfigurationPlatforms) = postSolution
		{94AA9088-93C9-42D1-B00A-8B09288D3D4A}.Debug|Any CPU.ActiveCfg = Debug|Any CPU
		{94AA9088-93C9-42D1-B00A-8B09288D3D4A}.Debug|Any CPU.Build.0 = Debug|Any CPU
		{94AA9088-93C9-42D1-B00A-8B09288D3D4A}.Release|Any CPU.ActiveCfg = Release|Any CPU
		{94AA9088-93C9-42D1-B00A-8B09288D3D4A}.Release|Any CPU.Build.0 = Release|Any CPU
	EndGlobalSection
	GlobalSection(SolutionProperties) = preSolution
		HideSolutionNode = FALSE
	EndGlobalSection
	GlobalSection(ExtensibilityGlobals) = postSolution
		SolutionGuid = {535ACBC9-ADE7-425D-8409-57C8F85998F7}
	EndGlobalSection
EndGlobal
