
Microsoft Visual Studio Solution File, Format Version 12.00
# Visual Studio Version 17
VisualStudioVersion = 17.4.33205.214
MinimumVisualStudioVersion = 10.0.40219.1
Project("{FAE04EC0-301F-11D3-BF4B-00C04F79EFBC}") = "Fanout Producer", "Fanout Producer\Fanout Producer.csproj", "{5FE056FE-C9FF-43DE-A08D-23E977B3FB7F}"
EndProject
Global
	GlobalSection(SolutionConfigurationPlatforms) = preSolution
		Debug|Any CPU = Debug|Any CPU
		Release|Any CPU = Release|Any CPU
	EndGlobalSection
	GlobalSection(ProjectConfigurationPlatforms) = postSolution
		{5FE056FE-C9FF-43DE-A08D-23E977B3FB7F}.Debug|Any CPU.ActiveCfg = Debug|Any CPU
		{5FE056FE-C9FF-43DE-A08D-23E977B3FB7F}.Debug|Any CPU.Build.0 = Debug|Any CPU
		{5FE056FE-C9FF-43DE-A08D-23E977B3FB7F}.Release|Any CPU.ActiveCfg = Release|Any CPU
		{5FE056FE-C9FF-43DE-A08D-23E977B3FB7F}.Release|Any CPU.Build.0 = Release|Any CPU
	EndGlobalSection
	GlobalSection(SolutionProperties) = preSolution
		HideSolutionNode = FALSE
	EndGlobalSection
	GlobalSection(ExtensibilityGlobals) = postSolution
		SolutionGuid = {6D0979BB-DC9F-400F-A881-C23A1BD43C5A}
	EndGlobalSection
EndGlobal
